
Microsoft Visual Studio Solution File, Format Version 12.00
# Visual Studio Version 17
VisualStudioVersion = 17.5.33530.505
MinimumVisualStudioVersion = 10.0.40219.1
Project("{9A19103F-16F7-4668-BE54-9A1E7A4F7556}") = "SFA.DAS.ContentApi", "SFA.DAS.ContentApi\SFA.DAS.ContentApi.csproj", "{6AF70788-95D5-428E-BCBB-60C74D22FE49}"
EndProject
Project("{00D1A9C2-B5F0-4AF3-8072-F6C62B433612}") = "SFA.DAS.ContentApi.Database", "SFA.DAS.ContentApi.Database\SFA.DAS.ContentApi.Database.sqlproj", "{64FCDDF9-80FC-4AA7-B96C-78D041B8995A}"
EndProject
Project("{9A19103F-16F7-4668-BE54-9A1E7A4F7556}") = "SFA.DAS.ContentApi.Api", "SFA.DAS.ContentApi.Api\SFA.DAS.ContentApi.Api.csproj", "{BE9FC066-01D5-4043-BA2B-BC69226AACB7}"
EndProject
Project("{2150E333-8FDC-42A3-9474-1A3956D46DE8}") = "Tests", "Tests", "{19E06B1E-E0DB-4E2C-BF31-DD913A77B50E}"
EndProject
Project("{9A19103F-16F7-4668-BE54-9A1E7A4F7556}") = "SFA.DAS.ContentApi.UnitTests", "SFA.DAS.ContentApi.UnitTests\SFA.DAS.ContentApi.UnitTests.csproj", "{DEAB961F-A4E3-476F-82C4-3DA53803E2FA}"
EndProject
Project("{9A19103F-16F7-4668-BE54-9A1E7A4F7556}") = "SFA.DAS.ContentApi.Api.UnitTests", "SFA.DAS.ContentApi.Api.UnitTests\SFA.DAS.ContentApi.Api.UnitTests.csproj", "{9F5479F7-D629-4D42-B7F9-73F375865E6C}"
EndProject
Project("{9A19103F-16F7-4668-BE54-9A1E7A4F7556}") = "SFA.DAS.ContentApi2", "SFA.DAS.ContentApi2\SFA.DAS.ContentApi2.csproj", "{D66DD4E6-9617-406C-9DB7-EB4B9FC87713}"
EndProject
Project("{9A19103F-16F7-4668-BE54-9A1E7A4F7556}") = "SFA.DAS.ContentApi.Api2", "SFA.DAS.ContentApi.Api2\SFA.DAS.ContentApi.Api2.csproj", "{B809EFED-95F2-4D42-B82F-54B9880E4544}"
EndProject
Project("{FAE04EC0-301F-11D3-BF4B-00C04F79EFBC}") = "SFA.DAS.ContentApi.Api.UnitTests2", "SFA.DAS.ContentApi.Api.UnitTests2\SFA.DAS.ContentApi.Api.UnitTests2.csproj", "{1A8BB79B-3A1B-4FE1-AD2C-F6C003BF37B6}"
EndProject
Project("{FAE04EC0-301F-11D3-BF4B-00C04F79EFBC}") = "SFA.DAS.ContentApi.UnitTests2", "SFA.DAS.ContentApi.UnitTests2\SFA.DAS.ContentApi.UnitTests2.csproj", "{07E5C579-805C-49BB-8DC9-2D8E6F423B7D}"
EndProject
Global
	GlobalSection(SolutionConfigurationPlatforms) = preSolution
		Debug|Any CPU = Debug|Any CPU
		Release|Any CPU = Release|Any CPU
	EndGlobalSection
	GlobalSection(ProjectConfigurationPlatforms) = postSolution
		{6AF70788-95D5-428E-BCBB-60C74D22FE49}.Debug|Any CPU.ActiveCfg = Debug|Any CPU
		{6AF70788-95D5-428E-BCBB-60C74D22FE49}.Debug|Any CPU.Build.0 = Debug|Any CPU
		{6AF70788-95D5-428E-BCBB-60C74D22FE49}.Release|Any CPU.ActiveCfg = Release|Any CPU
		{6AF70788-95D5-428E-BCBB-60C74D22FE49}.Release|Any CPU.Build.0 = Release|Any CPU
		{64FCDDF9-80FC-4AA7-B96C-78D041B8995A}.Debug|Any CPU.ActiveCfg = Debug|Any CPU
		{64FCDDF9-80FC-4AA7-B96C-78D041B8995A}.Debug|Any CPU.Build.0 = Debug|Any CPU
		{64FCDDF9-80FC-4AA7-B96C-78D041B8995A}.Debug|Any CPU.Deploy.0 = Debug|Any CPU
		{64FCDDF9-80FC-4AA7-B96C-78D041B8995A}.Release|Any CPU.ActiveCfg = Release|Any CPU
		{64FCDDF9-80FC-4AA7-B96C-78D041B8995A}.Release|Any CPU.Build.0 = Release|Any CPU
		{64FCDDF9-80FC-4AA7-B96C-78D041B8995A}.Release|Any CPU.Deploy.0 = Release|Any CPU
		{BE9FC066-01D5-4043-BA2B-BC69226AACB7}.Debug|Any CPU.ActiveCfg = Debug|Any CPU
		{BE9FC066-01D5-4043-BA2B-BC69226AACB7}.Debug|Any CPU.Build.0 = Debug|Any CPU
		{BE9FC066-01D5-4043-BA2B-BC69226AACB7}.Release|Any CPU.ActiveCfg = Release|Any CPU
		{BE9FC066-01D5-4043-BA2B-BC69226AACB7}.Release|Any CPU.Build.0 = Release|Any CPU
		{DEAB961F-A4E3-476F-82C4-3DA53803E2FA}.Debug|Any CPU.ActiveCfg = Debug|Any CPU
		{DEAB961F-A4E3-476F-82C4-3DA53803E2FA}.Debug|Any CPU.Build.0 = Debug|Any CPU
		{DEAB961F-A4E3-476F-82C4-3DA53803E2FA}.Release|Any CPU.ActiveCfg = Release|Any CPU
		{DEAB961F-A4E3-476F-82C4-3DA53803E2FA}.Release|Any CPU.Build.0 = Release|Any CPU
		{9F5479F7-D629-4D42-B7F9-73F375865E6C}.Debug|Any CPU.ActiveCfg = Debug|Any CPU
		{9F5479F7-D629-4D42-B7F9-73F375865E6C}.Debug|Any CPU.Build.0 = Debug|Any CPU
		{9F5479F7-D629-4D42-B7F9-73F375865E6C}.Release|Any CPU.ActiveCfg = Release|Any CPU
		{9F5479F7-D629-4D42-B7F9-73F375865E6C}.Release|Any CPU.Build.0 = Release|Any CPU
		{D66DD4E6-9617-406C-9DB7-EB4B9FC87713}.Debug|Any CPU.ActiveCfg = Debug|Any CPU
		{D66DD4E6-9617-406C-9DB7-EB4B9FC87713}.Debug|Any CPU.Build.0 = Debug|Any CPU
		{D66DD4E6-9617-406C-9DB7-EB4B9FC87713}.Release|Any CPU.ActiveCfg = Release|Any CPU
		{D66DD4E6-9617-406C-9DB7-EB4B9FC87713}.Release|Any CPU.Build.0 = Release|Any CPU
		{B809EFED-95F2-4D42-B82F-54B9880E4544}.Debug|Any CPU.ActiveCfg = Debug|Any CPU
		{B809EFED-95F2-4D42-B82F-54B9880E4544}.Debug|Any CPU.Build.0 = Debug|Any CPU
		{B809EFED-95F2-4D42-B82F-54B9880E4544}.Release|Any CPU.ActiveCfg = Release|Any CPU
		{B809EFED-95F2-4D42-B82F-54B9880E4544}.Release|Any CPU.Build.0 = Release|Any CPU
		{1A8BB79B-3A1B-4FE1-AD2C-F6C003BF37B6}.Debug|Any CPU.ActiveCfg = Debug|Any CPU
		{1A8BB79B-3A1B-4FE1-AD2C-F6C003BF37B6}.Debug|Any CPU.Build.0 = Debug|Any CPU
		{1A8BB79B-3A1B-4FE1-AD2C-F6C003BF37B6}.Release|Any CPU.ActiveCfg = Release|Any CPU
		{1A8BB79B-3A1B-4FE1-AD2C-F6C003BF37B6}.Release|Any CPU.Build.0 = Release|Any CPU
		{07E5C579-805C-49BB-8DC9-2D8E6F423B7D}.Debug|Any CPU.ActiveCfg = Debug|Any CPU
		{07E5C579-805C-49BB-8DC9-2D8E6F423B7D}.Debug|Any CPU.Build.0 = Debug|Any CPU
		{07E5C579-805C-49BB-8DC9-2D8E6F423B7D}.Release|Any CPU.ActiveCfg = Release|Any CPU
		{07E5C579-805C-49BB-8DC9-2D8E6F423B7D}.Release|Any CPU.Build.0 = Release|Any CPU
	EndGlobalSection
	GlobalSection(SolutionProperties) = preSolution
		HideSolutionNode = FALSE
	EndGlobalSection
	GlobalSection(NestedProjects) = preSolution
		{DEAB961F-A4E3-476F-82C4-3DA53803E2FA} = {19E06B1E-E0DB-4E2C-BF31-DD913A77B50E}
		{9F5479F7-D629-4D42-B7F9-73F375865E6C} = {19E06B1E-E0DB-4E2C-BF31-DD913A77B50E}
		{1A8BB79B-3A1B-4FE1-AD2C-F6C003BF37B6} = {19E06B1E-E0DB-4E2C-BF31-DD913A77B50E}
		{07E5C579-805C-49BB-8DC9-2D8E6F423B7D} = {19E06B1E-E0DB-4E2C-BF31-DD913A77B50E}
	EndGlobalSection
	GlobalSection(ExtensibilityGlobals) = postSolution
		SolutionGuid = {7EFBE13C-28FB-4461-A1CB-748A899825D3}
	EndGlobalSection
EndGlobal
